
Microsoft Visual Studio Solution File, Format Version 12.00
# Visual Studio Version 16
VisualStudioVersion = 16.0.30413.136
MinimumVisualStudioVersion = 10.0.40219.1
Project("{FAE04EC0-301F-11D3-BF4B-00C04F79EFBC}") = "CalculatorApp", "CalculatorApp\CalculatorApp.csproj", "{51624B0D-09A5-46A9-9393-8AC7AB42C0AA}"
EndProject
Global
	GlobalSection(SolutionConfigurationPlatforms) = preSolution
		Debug|Any CPU = Debug|Any CPU
		Release|Any CPU = Release|Any CPU
	EndGlobalSection
	GlobalSection(ProjectConfigurationPlatforms) = postSolution
		{51624B0D-09A5-46A9-9393-8AC7AB42C0AA}.Debug|Any CPU.ActiveCfg = Debug|Any CPU
		{51624B0D-09A5-46A9-9393-8AC7AB42C0AA}.Debug|Any CPU.Build.0 = Debug|Any CPU
		{51624B0D-09A5-46A9-9393-8AC7AB42C0AA}.Release|Any CPU.ActiveCfg = Release|Any CPU
		{51624B0D-09A5-46A9-9393-8AC7AB42C0AA}.Release|Any CPU.Build.0 = Release|Any CPU
	EndGlobalSection
	GlobalSection(SolutionProperties) = preSolution
		HideSolutionNode = FALSE
	EndGlobalSection
	GlobalSection(ExtensibilityGlobals) = postSolution
		SolutionGuid = {3996B6C7-E995-45F3-BCC5-78DF164B3F75}
	EndGlobalSection
EndGlobal
